
Microsoft Visual Studio Solution File, Format Version 12.00
# Visual Studio Version 17
VisualStudioVersion = 17.7.34202.233
MinimumVisualStudioVersion = 10.0.40219.1
Project("{8BC9CEB8-8B4A-11D0-8D11-00A0C91BC942}") = "NetDiag", "NetDiag.vcxproj", "{7875DE61-6C24-4F2B-A966-B5D83CB61B91}"
EndProject
Global
	GlobalSection(SolutionConfigurationPlatforms) = preSolution
		Debug|x64 = Debug|x64
		Debug|x86 = Debug|x86
		Release|x64 = Release|x64
		Release|x86 = Release|x86
	EndGlobalSection
	GlobalSection(ProjectConfigurationPlatforms) = postSolution
		{7875DE61-6C24-4F2B-A966-B5D83CB61B91}.Debug|x64.ActiveCfg = Debug|x64
		{7875DE61-6C24-4F2B-A966-B5D83CB61B91}.Debug|x64.Build.0 = Debug|x64
		{7875DE61-6C24-4F2B-A966-B5D83CB61B91}.Debug|x86.ActiveCfg = Debug|Win32
		{7875DE61-6C24-4F2B-A966-B5D83CB61B91}.Debug|x86.Build.0 = Debug|Win32
		{7875DE61-6C24-4F2B-A966-B5D83CB61B91}.Release|x64.ActiveCfg = Release|x64
		{7875DE61-6C24-4F2B-A966-B5D83CB61B91}.Release|x64.Build.0 = Release|x64
		{7875DE61-6C24-4F2B-A966-B5D83CB61B91}.Release|x86.ActiveCfg = Release|Win32
		{7875DE61-6C24-4F2B-A966-B5D83CB61B91}.Release|x86.Build.0 = Release|Win32
	EndGlobalSection
	GlobalSection(SolutionProperties) = preSolution
		HideSolutionNode = FALSE
	EndGlobalSection
	GlobalSection(ExtensibilityGlobals) = postSolution
		SolutionGuid = {6EE33768-C2EA-4DCC-9279-3ABC495A787B}
	EndGlobalSection
EndGlobal
